{
  "name": "ikea-model-collector",
  "version": "0.1.0",
  "lockfileVersion": 3,
  "requires": true,
  "packages": {
    "": {
      "name": "ikea-model-collector",
      "version": "0.1.0",
      "license": "Apache-2.0",
      "bin": {
        "ikea-model-collector": ".agents/skills/ikea-model-collector/scripts/ikea-model-collector.mjs"
      },
      "engines": {
        "node": ">=22"
      }
    }
  }
}
